
Microsoft Visual Studio Solution File, Format Version 12.00
# Visual Studio Version 17
VisualStudioVersion = 17.3.32922.545
MinimumVisualStudioVersion = 10.0.40219.1
Project("{FAE04EC0-301F-11D3-BF4B-00C04F79EFBC}") = "webapp-travel-agency", "webapp-travel-agency.csproj", "{86FFBE76-6E17-4102-914D-486112F75496}"
EndProject
Global
	GlobalSection(SolutionConfigurationPlatforms) = preSolution
		Debug|Any CPU = Debug|Any CPU
		Release|Any CPU = Release|Any CPU
	EndGlobalSection
	GlobalSection(ProjectConfigurationPlatforms) = postSolution
		{86FFBE76-6E17-4102-914D-486112F75496}.Debug|Any CPU.ActiveCfg = Debug|Any CPU
		{86FFBE76-6E17-4102-914D-486112F75496}.Debug|Any CPU.Build.0 = Debug|Any CPU
		{86FFBE76-6E17-4102-914D-486112F75496}.Release|Any CPU.ActiveCfg = Release|Any CPU
		{86FFBE76-6E17-4102-914D-486112F75496}.Release|Any CPU.Build.0 = Release|Any CPU
	EndGlobalSection
	GlobalSection(SolutionProperties) = preSolution
		HideSolutionNode = FALSE
	EndGlobalSection
	GlobalSection(ExtensibilityGlobals) = postSolution
		SolutionGuid = {F6688F97-EE9C-48F9-9550-E5F1A5ECBFA3}
	EndGlobalSection
EndGlobal
